// !$*UTF8*$!
{
	archiveVersion = 1;
	classes = {
	};
	objectVersion = 46;
	objects = {

/* Begin PBXBuildFile section */
		094BEBEA1E1F97E600BDD341 /* DS4Manager.cpp in Sources */ = {isa = PBXBuildFile; fileRef = 094BEBE81E1F97E600BDD341 /* DS4Manager.cpp */; };
		09FCB0BB1E0CE23A00340ED1 /* main.cpp in Sources */ = {isa = PBXBuildFile; fileRef = 09FCB0BA1E0CE23A00340ED1 /* main.cpp */; };
		09FCB0C31E0CE26C00340ED1 /* IOKit.framework in Frameworks */ = {isa = PBXBuildFile; fileRef = 09FCB0C21E0CE26C00340ED1 /* IOKit.framework */; };
		09FCB0C51E0CE4F400340ED1 /* CoreFoundation.framework in Frameworks */ = {isa = PBXBuildFile; fileRef = 09FCB0C41E0CE4F400340ED1 /* CoreFoundation.framework */; };
/* End PBXBuildFile section */

/* Begin PBXCopyFilesBuildPhase section */
		09FCB0B51E0CE23900340ED1 /* CopyFiles */ = {
			isa = PBXCopyFilesBuildPhase;
			buildActionMask = 2147483647;
			dstPath = /usr/share/man/man1/;
			dstSubfolderSpec = 0;
			files = (
			);
			runOnlyForDeploymentPostprocessing = 1;
		};
/* End PBXCopyFilesBuildPhase section */

/* Begin PBXFileReference section */
		094BEBE81E1F97E600BDD341 /* DS4Manager.cpp */ = {isa = PBXFileReference; fileEncoding = 4; lastKnownFileType = sourcecode.cpp.cpp; path = DS4Manager.cpp; sourceTree = "<group>"; };
		094BEBE91E1F97E600BDD341 /* DS4Manager.hpp */ = {isa = PBXFileReference; fileEncoding = 4; lastKnownFileType = sourcecode.cpp.h; path = DS4Manager.hpp; sourceTree = "<group>"; };
		09FCB0B71E0CE23A00340ED1 /* DS4Manager */ = {isa = PBXFileReference; explicitFileType = "compiled.mach-o.executable"; includeInIndex = 0; path = DS4Manager; sourceTree = BUILT_PRODUCTS_DIR; };
		09FCB0BA1E0CE23A00340ED1 /* main.cpp */ = {isa = PBXFileReference; lastKnownFileType = sourcecode.cpp.cpp; path = main.cpp; sourceTree = "<group>"; };
		09FCB0C21E0CE26C00340ED1 /* IOKit.framework */ = {isa = PBXFileReference; lastKnownFileType = wrapper.framework; name = IOKit.framework; path = System/Library/Frameworks/IOKit.framework; sourceTree = SDKROOT; };
		09FCB0C41E0CE4F400340ED1 /* CoreFoundation.framework */ = {isa = PBXFileReference; lastKnownFileType = wrapper.framework; name = CoreFoundation.framework; path = System/Library/Frameworks/CoreFoundation.framework; sourceTree = SDKROOT; };
/* End PBXFileReference section */

/* Begin PBXFrameworksBuildPhase section */
		09FCB0B41E0CE23900340ED1 /* Frameworks */ = {
			isa = PBXFrameworksBuildPhase;
			buildActionMask = 2147483647;
			files = (
				09FCB0C51E0CE4F400340ED1 /* CoreFoundation.framework in Frameworks */,
				09FCB0C31E0CE26C00340ED1 /* IOKit.framework in Frameworks */,
			);
			runOnlyForDeploymentPostprocessing = 0;
		};
/* End PBXFrameworksBuildPhase section */

/* Begin PBXGroup section */
		09FCB0AE1E0CE23900340ED1 = {
			isa = PBXGroup;
			children = (
				09FCB0B91E0CE23A00340ED1 /* DS4Manager */,
				09FCB0B81E0CE23A00340ED1 /* Products */,
				09FCB0C11E0CE26C00340ED1 /* Frameworks */,
			);
			sourceTree = "<group>";
		};
		09FCB0B81E0CE23A00340ED1 /* Products */ = {
			isa = PBXGroup;
			children = (
				09FCB0B71E0CE23A00340ED1 /* DS4Manager */,
			);
			name = Products;
			sourceTree = "<group>";
		};
		09FCB0B91E0CE23A00340ED1 /* DS4Manager */ = {
			isa = PBXGroup;
			children = (
				09FCB0BA1E0CE23A00340ED1 /* main.cpp */,
				094BEBE81E1F97E600BDD341 /* DS4Manager.cpp */,
				094BEBE91E1F97E600BDD341 /* DS4Manager.hpp */,
			);
			path = DS4Manager;
			sourceTree = "<group>";
		};
		09FCB0C11E0CE26C00340ED1 /* Frameworks */ = {
			isa = PBXGroup;
			children = (
				09FCB0C41E0CE4F400340ED1 /* CoreFoundation.framework */,
				09FCB0C21E0CE26C00340ED1 /* IOKit.framework */,
			);
			name = Frameworks;
			sourceTree = "<group>";
		};
/* End PBXGroup section */

/* Begin PBXNativeTarget section */
		09FCB0B61E0CE23900340ED1 /* DS4Manager */ = {
			isa = PBXNativeTarget;
			buildConfigurationList = 09FCB0BE1E0CE23A00340ED1 /* Build configuration list for PBXNativeTarget "DS4Manager" */;
			buildPhases = (
				09FCB0B31E0CE23900340ED1 /* Sources */,
				09FCB0B41E0CE23900340ED1 /* Frameworks */,
				09FCB0B51E0CE23900340ED1 /* CopyFiles */,
			);
			buildRules = (
			);
			dependencies = (
			);
			name = DS4Manager;
			productName = DS4Manager;
			productReference = 09FCB0B71E0CE23A00340ED1 /* DS4Manager */;
			productType = "com.apple.product-type.tool";
		};
/* End PBXNativeTarget section */

/* Begin PBXProject section */
		09FCB0AF1E0CE23900340ED1 /* Project object */ = {
			isa = PBXProject;
			attributes = {
				LastUpgradeCheck = 0820;
				ORGANIZATIONNAME = Fort;
				TargetAttributes = {
					09FCB0B61E0CE23900340ED1 = {
						CreatedOnToolsVersion = 8.2.1;
						ProvisioningStyle = Automatic;
					};
				};
			};
			buildConfigurationList = 09FCB0B21E0CE23900340ED1 /* Build configuration list for PBXProject "DS4Manager" */;
			compatibilityVersion = "Xcode 3.2";
			developmentRegion = English;
			hasScannedForEncodings = 0;
			knownRegions = (
				en,
			);
			mainGroup = 09FCB0AE1E0CE23900340ED1;
			productRefGroup = 09FCB0B81E0CE23A00340ED1 /* Products */;
			projectDirPath = "";
			projectRoot = "";
			targets = (
				09FCB0B61E0CE23900340ED1 /* DS4Manager */,
			);
		};
/* End PBXProject section */

/* Begin PBXSourcesBuildPhase section */
		09FCB0B31E0CE23900340ED1 /* Sources */ = {
			isa = PBXSourcesBuildPhase;
			buildActionMask = 2147483647;
			files = (
				09FCB0BB1E0CE23A00340ED1 /* main.cpp in Sources */,
				094BEBEA1E1F97E600BDD341 /* DS4Manager.cpp in Sources */,
			);
			runOnlyForDeploymentPostprocessing = 0;
		};
/* End PBXSourcesBuildPhase section */

/* Begin XCBuildConfiguration section */
		09FCB0BC1E0CE23A00340ED1 /* Debug */ = {
			isa = XCBuildConfiguration;
			buildSettings = {
				ALWAYS_SEARCH_USER_PATHS = NO;
				CLANG_ANALYZER_NONNULL = YES;
				CLANG_CXX_LANGUAGE_STANDARD = "gnu++0x";
				CLANG_CXX_LIBRARY = "libc++";
				CLANG_ENABLE_MODULES = YES;
				CLANG_ENABLE_OBJC_ARC = YES;
				CLANG_WARN_BOOL_CONVERSION = YES;
				CLANG_WARN_CONSTANT_CONVERSION = YES;
				CLANG_WARN_DIRECT_OBJC_ISA_USAGE = YES_ERROR;
				CLANG_WARN_DOCUMENTATION_COMMENTS = YES;
				CLANG_WARN_EMPTY_BODY = YES;
				CLANG_WARN_ENUM_CONVERSION = YES;
				CLANG_WARN_INFINITE_RECURSION = YES;
				CLANG_WARN_INT_CONVERSION = YES;
				CLANG_WARN_OBJC_ROOT_CLASS = YES_ERROR;
				CLANG_WARN_SUSPICIOUS_MOVE = YES;
				CLANG_WARN_UNREACHABLE_CODE = YES;
				CLANG_WARN__DUPLICATE_METHOD_MATCH = YES;
				CODE_SIGN_IDENTITY = "-";
				COPY_PHASE_STRIP = NO;
				DEBUG_INFORMATION_FORMAT = dwarf;
				ENABLE_STRICT_OBJC_MSGSEND = YES;
				ENABLE_TESTABILITY = YES;
				GCC_C_LANGUAGE_STANDARD = gnu99;
				GCC_DYNAMIC_NO_PIC = NO;
				GCC_NO_COMMON_BLOCKS = YES;
				GCC_OPTIMIZATION_LEVEL = 0;
				GCC_PREPROCESSOR_DEFINITIONS = (
					"DEBUG=1",
					"$(inherited)",
				);
				GCC_WARN_64_TO_32_BIT_CONVERSION = YES;
				GCC_WARN_ABOUT_RETURN_TYPE = YES_ERROR;
				GCC_WARN_UNDECLARED_SELECTOR = YES;
				GCC_WARN_UNINITIALIZED_AUTOS = YES_AGGRESSIVE;
				GCC_WARN_UNUSED_FUNCTION = YES;
				GCC_WARN_UNUSED_VARIABLE = YES;
				MACOSX_DEPLOYMENT_TARGET = 10.12;
				MTL_ENABLE_DEBUG_INFO = YES;
				ONLY_ACTIVE_ARCH = NO;
				SDKROOT = macosx;
			};
			name = Debug;
		};
		09FCB0BD1E0CE23A00340ED1 /* Release */ = {
			isa = XCBuildConfiguration;
			buildSettings = {
				ALWAYS_SEARCH_USER_PATHS = NO;
				CLANG_ANALYZER_NONNULL = YES;
				CLANG_CXX_LANGUAGE_STANDARD = "gnu++0x";
				CLANG_CXX_LIBRARY = "libc++";
				CLANG_ENABLE_MODULES = YES;
				CLANG_ENABLE_OBJC_ARC = YES;
				CLANG_WARN_BOOL_CONVERSION = YES;
				CLANG_WARN_CONSTANT_CONVERSION = YES;
				CLANG_WARN_DIRECT_OBJC_ISA_USAGE = YES_ERROR;
				CLANG_WARN_DOCUMENTATION_COMMENTS = YES;
				CLANG_WARN_EMPTY_BODY = YES;
				CLANG_WARN_ENUM_CONVERSION = YES;
				CLANG_WARN_INFINITE_RECURSION = YES;
				CLANG_WARN_INT_CONVERSION = YES;
				CLANG_WARN_OBJC_ROOT_CLASS = YES_ERROR;
				CLANG_WARN_SUSPICIOUS_MOVE = YES;
				CLANG_WARN_UNREACHABLE_CODE = YES;
				CLANG_WARN__DUPLICATE_METHOD_MATCH = YES;
				CODE_SIGN_IDENTITY = "-";
				COPY_PHASE_STRIP = NO;
				DEBUG_INFORMATION_FORMAT = "dwarf-with-dsym";
				ENABLE_NS_ASSERTIONS = NO;
				ENABLE_STRICT_OBJC_MSGSEND = YES;
				GCC_C_LANGUAGE_STANDARD = gnu99;
				GCC_NO_COMMON_BLOCKS = YES;
				GCC_WARN_64_TO_32_BIT_CONVERSION = YES;
				GCC_WARN_ABOUT_RETURN_TYPE = YES_ERROR;
				GCC_WARN_UNDECLARED_SELECTOR = YES;
				GCC_WARN_UNINITIALIZED_AUTOS = YES_AGGRESSIVE;
				GCC_WARN_UNUSED_FUNCTION = YES;
				GCC_WARN_UNUSED_VARIABLE = YES;
				MACOSX_DEPLOYMENT_TARGET = 10.12;
				MTL_ENABLE_DEBUG_INFO = NO;
				ONLY_ACTIVE_ARCH = NO;
				SDKROOT = macosx;
			};
			name = Release;
		};
		09FCB0BF1E0CE23A00340ED1 /* Debug */ = {
			isa = XCBuildConfiguration;
			buildSettings = {
				PRODUCT_NAME = "$(TARGET_NAME)";
			};
			name = Debug;
		};
		09FCB0C01E0CE23A00340ED1 /* Release */ = {
			isa = XCBuildConfiguration;
			buildSettings = {
				PRODUCT_NAME = "$(TARGET_NAME)";
			};
			name = Release;
		};
/* End XCBuildConfiguration section */

/* Begin XCConfigurationList section */
		09FCB0B21E0CE23900340ED1 /* Build configuration list for PBXProject "DS4Manager" */ = {
			isa = XCConfigurationList;
			buildConfigurations = (
				09FCB0BC1E0CE23A00340ED1 /* Debug */,
				09FCB0BD1E0CE23A00340ED1 /* Release */,
			);
			defaultConfigurationIsVisible = 0;
			defaultConfigurationName = Release;
		};
		09FCB0BE1E0CE23A00340ED1 /* Build configuration list for PBXNativeTarget "DS4Manager" */ = {
			isa = XCConfigurationList;
			buildConfigurations = (
				09FCB0BF1E0CE23A00340ED1 /* Debug */,
				09FCB0C01E0CE23A00340ED1 /* Release */,
			);
			defaultConfigurationIsVisible = 0;
			defaultConfigurationName = Release;
		};
/* End XCConfigurationList section */
	};
	rootObject = 09FCB0AF1E0CE23900340ED1 /* Project object */;
}
